
Microsoft Visual Studio Solution File, Format Version 12.00
# Visual Studio Version 17
VisualStudioVersion = 17.6.33815.320
MinimumVisualStudioVersion = 10.0.40219.1
Project("{9A19103F-16F7-4668-BE54-9A1E7A4F7556}") = "MyList", "MyList\MyList.csproj", "{C0899672-EADB-47F6-AD10-53AF444AC3E9}"
EndProject
Project("{2150E333-8FDC-42A3-9474-1A3956D46DE8}") = "Algoritmer", "Algoritmer", "{8B897BE3-E688-491E-89ED-0F88FAB59279}"
EndProject
Project("{2150E333-8FDC-42A3-9474-1A3956D46DE8}") = "Collections", "Collections", "{2A69D28A-A0B6-4F2B-9755-9CB435B94619}"
EndProject
Project("{9A19103F-16F7-4668-BE54-9A1E7A4F7556}") = "MyLinkedList", "MyLinkedList\MyLinkedList.csproj", "{259927DE-0B25-4F2C-9A05-64CE68696806}"
EndProject
Project("{9A19103F-16F7-4668-BE54-9A1E7A4F7556}") = "MyQueue", "MyQueue\MyQueue.csproj", "{233B7D94-6407-4B04-8A69-3BE9F71BEEB8}"
EndProject
Project("{9A19103F-16F7-4668-BE54-9A1E7A4F7556}") = "MyStack", "MyStack\MyStack.csproj", "{594ACE57-8AC1-4915-AE6D-19E9150FF504}"
EndProject
Project("{9A19103F-16F7-4668-BE54-9A1E7A4F7556}") = "QuickSort", "QuickSort\QuickSort.csproj", "{BEC2C7A7-E09C-444C-86B6-C31E99444FA6}"
EndProject
Project("{9A19103F-16F7-4668-BE54-9A1E7A4F7556}") = "BubbleSort", "BubbleSort\BubbleSort.csproj", "{40556908-6322-424A-B58B-41368152A715}"
EndProject
Project("{9A19103F-16F7-4668-BE54-9A1E7A4F7556}") = "InsertionSort", "InsertionSort\InsertionSort.csproj", "{7A8A505B-217D-477D-B9DC-5DA3D4981AEE}"
EndProject
Project("{9A19103F-16F7-4668-BE54-9A1E7A4F7556}") = "Graphs", "Graphs\Graphs.csproj", "{1690909C-DF51-4B5D-A482-2D34722974F3}"
EndProject
Project("{9A19103F-16F7-4668-BE54-9A1E7A4F7556}") = "Astar", "Astar\Astar.csproj", "{18CE4E0F-200A-4AC4-8B13-1DBEC6D9F366}"
EndProject
Project("{9A19103F-16F7-4668-BE54-9A1E7A4F7556}") = "DFS", "DFS\DFS.csproj", "{ADE0F11C-82F3-4E3A-8EBF-E20A88CE88CD}"
EndProject
Project("{9A19103F-16F7-4668-BE54-9A1E7A4F7556}") = "BFS", "BFS\BFS.csproj", "{59A06BE2-BB31-4DD5-8DDA-ABE68E20FA48}"
EndProject
Project("{9A19103F-16F7-4668-BE54-9A1E7A4F7556}") = "State", "State\State.csproj", "{74CABDB8-D289-4F83-A80D-DAB5203049B6}"
EndProject
Project("{2150E333-8FDC-42A3-9474-1A3956D46DE8}") = "Designpatterns", "Designpatterns", "{96CFE4B1-E1A6-4E31-9BE2-89B1A8D3C426}"
EndProject
Project("{9A19103F-16F7-4668-BE54-9A1E7A4F7556}") = "Builder", "Builder\Builder.csproj", "{3D8D54B9-3C17-4C85-BC71-D0ED81E69DEB}"
EndProject
Project("{9A19103F-16F7-4668-BE54-9A1E7A4F7556}") = "Component", "Component\Component.csproj", "{0BB99B18-FB5E-4B21-9D48-9C5DA68D47B8}"
EndProject
Project("{9A19103F-16F7-4668-BE54-9A1E7A4F7556}") = "Singleton", "Singleton\Singleton.csproj", "{30A8BD49-8A64-463B-B44A-6FD3FE96320D}"
EndProject
Project("{2150E333-8FDC-42A3-9474-1A3956D46DE8}") = "Netværk", "Netværk", "{E133792D-FEE7-422E-9C42-FC3903F919D8}"
EndProject
Project("{2150E333-8FDC-42A3-9474-1A3956D46DE8}") = "TCP", "TCP", "{34528B3B-3D7B-4C9F-898A-55562FD3D3CE}"
EndProject
Project("{9A19103F-16F7-4668-BE54-9A1E7A4F7556}") = "TCPClient", "TCPClient\TCPClient.csproj", "{D9F03DA0-C0A9-46BB-86AD-55AD5C707A93}"
EndProject
Project("{9A19103F-16F7-4668-BE54-9A1E7A4F7556}") = "TCPServer", "TCPServer\TCPServer.csproj", "{67D3A903-729C-40B5-82AC-9476BF63C189}"
EndProject
Project("{2150E333-8FDC-42A3-9474-1A3956D46DE8}") = "UDP", "UDP", "{F59C96B5-93F7-4617-B7D9-3476FB441C11}"
EndProject
Project("{FAE04EC0-301F-11D3-BF4B-00C04F79EFBC}") = "UDPClient", "UDPClient\UDPClient.csproj", "{90AC5112-089A-410C-8F62-DC6D41D635B6}"
EndProject
Project("{FAE04EC0-301F-11D3-BF4B-00C04F79EFBC}") = "UDPServer", "UDPServer\UDPServer.csproj", "{66FC44F3-A844-46F4-A385-C315432E11C2}"
EndProject
Global
	GlobalSection(SolutionConfigurationPlatforms) = preSolution
		Debug|Any CPU = Debug|Any CPU
		Release|Any CPU = Release|Any CPU
	EndGlobalSection
	GlobalSection(ProjectConfigurationPlatforms) = postSolution
		{C0899672-EADB-47F6-AD10-53AF444AC3E9}.Debug|Any CPU.ActiveCfg = Debug|Any CPU
		{C0899672-EADB-47F6-AD10-53AF444AC3E9}.Debug|Any CPU.Build.0 = Debug|Any CPU
		{C0899672-EADB-47F6-AD10-53AF444AC3E9}.Release|Any CPU.ActiveCfg = Release|Any CPU
		{C0899672-EADB-47F6-AD10-53AF444AC3E9}.Release|Any CPU.Build.0 = Release|Any CPU
		{259927DE-0B25-4F2C-9A05-64CE68696806}.Debug|Any CPU.ActiveCfg = Debug|Any CPU
		{259927DE-0B25-4F2C-9A05-64CE68696806}.Debug|Any CPU.Build.0 = Debug|Any CPU
		{259927DE-0B25-4F2C-9A05-64CE68696806}.Release|Any CPU.ActiveCfg = Release|Any CPU
		{259927DE-0B25-4F2C-9A05-64CE68696806}.Release|Any CPU.Build.0 = Release|Any CPU
		{233B7D94-6407-4B04-8A69-3BE9F71BEEB8}.Debug|Any CPU.ActiveCfg = Debug|Any CPU
		{233B7D94-6407-4B04-8A69-3BE9F71BEEB8}.Debug|Any CPU.Build.0 = Debug|Any CPU
		{233B7D94-6407-4B04-8A69-3BE9F71BEEB8}.Release|Any CPU.ActiveCfg = Release|Any CPU
		{233B7D94-6407-4B04-8A69-3BE9F71BEEB8}.Release|Any CPU.Build.0 = Release|Any CPU
		{594ACE57-8AC1-4915-AE6D-19E9150FF504}.Debug|Any CPU.ActiveCfg = Debug|Any CPU
		{594ACE57-8AC1-4915-AE6D-19E9150FF504}.Debug|Any CPU.Build.0 = Debug|Any CPU
		{594ACE57-8AC1-4915-AE6D-19E9150FF504}.Release|Any CPU.ActiveCfg = Release|Any CPU
		{594ACE57-8AC1-4915-AE6D-19E9150FF504}.Release|Any CPU.Build.0 = Release|Any CPU
		{BEC2C7A7-E09C-444C-86B6-C31E99444FA6}.Debug|Any CPU.ActiveCfg = Debug|Any CPU
		{BEC2C7A7-E09C-444C-86B6-C31E99444FA6}.Debug|Any CPU.Build.0 = Debug|Any CPU
		{BEC2C7A7-E09C-444C-86B6-C31E99444FA6}.Release|Any CPU.ActiveCfg = Release|Any CPU
		{BEC2C7A7-E09C-444C-86B6-C31E99444FA6}.Release|Any CPU.Build.0 = Release|Any CPU
		{40556908-6322-424A-B58B-41368152A715}.Debug|Any CPU.ActiveCfg = Debug|Any CPU
		{40556908-6322-424A-B58B-41368152A715}.Debug|Any CPU.Build.0 = Debug|Any CPU
		{40556908-6322-424A-B58B-41368152A715}.Release|Any CPU.ActiveCfg = Release|Any CPU
		{40556908-6322-424A-B58B-41368152A715}.Release|Any CPU.Build.0 = Release|Any CPU
		{7A8A505B-217D-477D-B9DC-5DA3D4981AEE}.Debug|Any CPU.ActiveCfg = Debug|Any CPU
		{7A8A505B-217D-477D-B9DC-5DA3D4981AEE}.Debug|Any CPU.Build.0 = Debug|Any CPU
		{7A8A505B-217D-477D-B9DC-5DA3D4981AEE}.Release|Any CPU.ActiveCfg = Release|Any CPU
		{7A8A505B-217D-477D-B9DC-5DA3D4981AEE}.Release|Any CPU.Build.0 = Release|Any CPU
		{1690909C-DF51-4B5D-A482-2D34722974F3}.Debug|Any CPU.ActiveCfg = Debug|Any CPU
		{1690909C-DF51-4B5D-A482-2D34722974F3}.Debug|Any CPU.Build.0 = Debug|Any CPU
		{1690909C-DF51-4B5D-A482-2D34722974F3}.Release|Any CPU.ActiveCfg = Release|Any CPU
		{1690909C-DF51-4B5D-A482-2D34722974F3}.Release|Any CPU.Build.0 = Release|Any CPU
		{18CE4E0F-200A-4AC4-8B13-1DBEC6D9F366}.Debug|Any CPU.ActiveCfg = Debug|Any CPU
		{18CE4E0F-200A-4AC4-8B13-1DBEC6D9F366}.Debug|Any CPU.Build.0 = Debug|Any CPU
		{18CE4E0F-200A-4AC4-8B13-1DBEC6D9F366}.Release|Any CPU.ActiveCfg = Release|Any CPU
		{18CE4E0F-200A-4AC4-8B13-1DBEC6D9F366}.Release|Any CPU.Build.0 = Release|Any CPU
		{ADE0F11C-82F3-4E3A-8EBF-E20A88CE88CD}.Debug|Any CPU.ActiveCfg = Debug|Any CPU
		{ADE0F11C-82F3-4E3A-8EBF-E20A88CE88CD}.Debug|Any CPU.Build.0 = Debug|Any CPU
		{ADE0F11C-82F3-4E3A-8EBF-E20A88CE88CD}.Release|Any CPU.ActiveCfg = Release|Any CPU
		{ADE0F11C-82F3-4E3A-8EBF-E20A88CE88CD}.Release|Any CPU.Build.0 = Release|Any CPU
		{59A06BE2-BB31-4DD5-8DDA-ABE68E20FA48}.Debug|Any CPU.ActiveCfg = Debug|Any CPU
		{59A06BE2-BB31-4DD5-8DDA-ABE68E20FA48}.Debug|Any CPU.Build.0 = Debug|Any CPU
		{59A06BE2-BB31-4DD5-8DDA-ABE68E20FA48}.Release|Any CPU.ActiveCfg = Release|Any CPU
		{59A06BE2-BB31-4DD5-8DDA-ABE68E20FA48}.Release|Any CPU.Build.0 = Release|Any CPU
		{74CABDB8-D289-4F83-A80D-DAB5203049B6}.Debug|Any CPU.ActiveCfg = Debug|Any CPU
		{74CABDB8-D289-4F83-A80D-DAB5203049B6}.Debug|Any CPU.Build.0 = Debug|Any CPU
		{74CABDB8-D289-4F83-A80D-DAB5203049B6}.Release|Any CPU.ActiveCfg = Release|Any CPU
		{74CABDB8-D289-4F83-A80D-DAB5203049B6}.Release|Any CPU.Build.0 = Release|Any CPU
		{3D8D54B9-3C17-4C85-BC71-D0ED81E69DEB}.Debug|Any CPU.ActiveCfg = Debug|Any CPU
		{3D8D54B9-3C17-4C85-BC71-D0ED81E69DEB}.Debug|Any CPU.Build.0 = Debug|Any CPU
		{3D8D54B9-3C17-4C85-BC71-D0ED81E69DEB}.Release|Any CPU.ActiveCfg = Release|Any CPU
		{3D8D54B9-3C17-4C85-BC71-D0ED81E69DEB}.Release|Any CPU.Build.0 = Release|Any CPU
		{0BB99B18-FB5E-4B21-9D48-9C5DA68D47B8}.Debug|Any CPU.ActiveCfg = Debug|Any CPU
		{0BB99B18-FB5E-4B21-9D48-9C5DA68D47B8}.Debug|Any CPU.Build.0 = Debug|Any CPU
		{0BB99B18-FB5E-4B21-9D48-9C5DA68D47B8}.Release|Any CPU.ActiveCfg = Release|Any CPU
		{0BB99B18-FB5E-4B21-9D48-9C5DA68D47B8}.Release|Any CPU.Build.0 = Release|Any CPU
		{30A8BD49-8A64-463B-B44A-6FD3FE96320D}.Debug|Any CPU.ActiveCfg = Debug|Any CPU
		{30A8BD49-8A64-463B-B44A-6FD3FE96320D}.Debug|Any CPU.Build.0 = Debug|Any CPU
		{30A8BD49-8A64-463B-B44A-6FD3FE96320D}.Release|Any CPU.ActiveCfg = Release|Any CPU
		{30A8BD49-8A64-463B-B44A-6FD3FE96320D}.Release|Any CPU.Build.0 = Release|Any CPU
		{D9F03DA0-C0A9-46BB-86AD-55AD5C707A93}.Debug|Any CPU.ActiveCfg = Debug|Any CPU
		{D9F03DA0-C0A9-46BB-86AD-55AD5C707A93}.Debug|Any CPU.Build.0 = Debug|Any CPU
		{D9F03DA0-C0A9-46BB-86AD-55AD5C707A93}.Release|Any CPU.ActiveCfg = Release|Any CPU
		{D9F03DA0-C0A9-46BB-86AD-55AD5C707A93}.Release|Any CPU.Build.0 = Release|Any CPU
		{67D3A903-729C-40B5-82AC-9476BF63C189}.Debug|Any CPU.ActiveCfg = Debug|Any CPU
		{67D3A903-729C-40B5-82AC-9476BF63C189}.Debug|Any CPU.Build.0 = Debug|Any CPU
		{67D3A903-729C-40B5-82AC-9476BF63C189}.Release|Any CPU.ActiveCfg = Release|Any CPU
		{67D3A903-729C-40B5-82AC-9476BF63C189}.Release|Any CPU.Build.0 = Release|Any CPU
		{90AC5112-089A-410C-8F62-DC6D41D635B6}.Debug|Any CPU.ActiveCfg = Debug|Any CPU
		{90AC5112-089A-410C-8F62-DC6D41D635B6}.Debug|Any CPU.Build.0 = Debug|Any CPU
		{90AC5112-089A-410C-8F62-DC6D41D635B6}.Release|Any CPU.ActiveCfg = Release|Any CPU
		{90AC5112-089A-410C-8F62-DC6D41D635B6}.Release|Any CPU.Build.0 = Release|Any CPU
		{66FC44F3-A844-46F4-A385-C315432E11C2}.Debug|Any CPU.ActiveCfg = Debug|Any CPU
		{66FC44F3-A844-46F4-A385-C315432E11C2}.Debug|Any CPU.Build.0 = Debug|Any CPU
		{66FC44F3-A844-46F4-A385-C315432E11C2}.Release|Any CPU.ActiveCfg = Release|Any CPU
		{66FC44F3-A844-46F4-A385-C315432E11C2}.Release|Any CPU.Build.0 = Release|Any CPU
	EndGlobalSection
	GlobalSection(SolutionProperties) = preSolution
		HideSolutionNode = FALSE
	EndGlobalSection
	GlobalSection(NestedProjects) = preSolution
		{C0899672-EADB-47F6-AD10-53AF444AC3E9} = {2A69D28A-A0B6-4F2B-9755-9CB435B94619}
		{259927DE-0B25-4F2C-9A05-64CE68696806} = {2A69D28A-A0B6-4F2B-9755-9CB435B94619}
		{233B7D94-6407-4B04-8A69-3BE9F71BEEB8} = {2A69D28A-A0B6-4F2B-9755-9CB435B94619}
		{594ACE57-8AC1-4915-AE6D-19E9150FF504} = {2A69D28A-A0B6-4F2B-9755-9CB435B94619}
		{BEC2C7A7-E09C-444C-86B6-C31E99444FA6} = {8B897BE3-E688-491E-89ED-0F88FAB59279}
		{40556908-6322-424A-B58B-41368152A715} = {8B897BE3-E688-491E-89ED-0F88FAB59279}
		{7A8A505B-217D-477D-B9DC-5DA3D4981AEE} = {8B897BE3-E688-491E-89ED-0F88FAB59279}
		{1690909C-DF51-4B5D-A482-2D34722974F3} = {8B897BE3-E688-491E-89ED-0F88FAB59279}
		{18CE4E0F-200A-4AC4-8B13-1DBEC6D9F366} = {8B897BE3-E688-491E-89ED-0F88FAB59279}
		{ADE0F11C-82F3-4E3A-8EBF-E20A88CE88CD} = {8B897BE3-E688-491E-89ED-0F88FAB59279}
		{59A06BE2-BB31-4DD5-8DDA-ABE68E20FA48} = {8B897BE3-E688-491E-89ED-0F88FAB59279}
		{74CABDB8-D289-4F83-A80D-DAB5203049B6} = {96CFE4B1-E1A6-4E31-9BE2-89B1A8D3C426}
		{3D8D54B9-3C17-4C85-BC71-D0ED81E69DEB} = {96CFE4B1-E1A6-4E31-9BE2-89B1A8D3C426}
		{0BB99B18-FB5E-4B21-9D48-9C5DA68D47B8} = {96CFE4B1-E1A6-4E31-9BE2-89B1A8D3C426}
		{30A8BD49-8A64-463B-B44A-6FD3FE96320D} = {96CFE4B1-E1A6-4E31-9BE2-89B1A8D3C426}
		{34528B3B-3D7B-4C9F-898A-55562FD3D3CE} = {E133792D-FEE7-422E-9C42-FC3903F919D8}
		{D9F03DA0-C0A9-46BB-86AD-55AD5C707A93} = {34528B3B-3D7B-4C9F-898A-55562FD3D3CE}
		{67D3A903-729C-40B5-82AC-9476BF63C189} = {34528B3B-3D7B-4C9F-898A-55562FD3D3CE}
		{F59C96B5-93F7-4617-B7D9-3476FB441C11} = {E133792D-FEE7-422E-9C42-FC3903F919D8}
		{90AC5112-089A-410C-8F62-DC6D41D635B6} = {F59C96B5-93F7-4617-B7D9-3476FB441C11}
		{66FC44F3-A844-46F4-A385-C315432E11C2} = {F59C96B5-93F7-4617-B7D9-3476FB441C11}
	EndGlobalSection
	GlobalSection(ExtensibilityGlobals) = postSolution
		SolutionGuid = {D3CBC47C-D647-45C9-9322-B65707790F53}
	EndGlobalSection
EndGlobal
