
Microsoft Visual Studio Solution File, Format Version 12.00
# Visual Studio Version 17
VisualStudioVersion = 17.6.33815.320
MinimumVisualStudioVersion = 10.0.40219.1
Project("{9A19103F-16F7-4668-BE54-9A1E7A4F7556}") = "MyList", "MyList\MyList.csproj", "{C0899672-EADB-47F6-AD10-53AF444AC3E9}"
EndProject
Project("{2150E333-8FDC-42A3-9474-1A3956D46DE8}") = "Algoritmer", "Algoritmer", "{8B897BE3-E688-491E-89ED-0F88FAB59279}"
EndProject
Project("{2150E333-8FDC-42A3-9474-1A3956D46DE8}") = "Collections", "Collections", "{2A69D28A-A0B6-4F2B-9755-9CB435B94619}"
EndProject
Project("{9A19103F-16F7-4668-BE54-9A1E7A4F7556}") = "MyLinkedList", "MyLinkedList\MyLinkedList.csproj", "{259927DE-0B25-4F2C-9A05-64CE68696806}"
EndProject
Project("{9A19103F-16F7-4668-BE54-9A1E7A4F7556}") = "MyQueue", "MyQueue\MyQueue.csproj", "{233B7D94-6407-4B04-8A69-3BE9F71BEEB8}"
EndProject
Project("{9A19103F-16F7-4668-BE54-9A1E7A4F7556}") = "MyStack", "MyStack\MyStack.csproj", "{594ACE57-8AC1-4915-AE6D-19E9150FF504}"
EndProject
Project("{9A19103F-16F7-4668-BE54-9A1E7A4F7556}") = "QuickSort", "QuickSort\QuickSort.csproj", "{BEC2C7A7-E09C-444C-86B6-C31E99444FA6}"
EndProject
Project("{9A19103F-16F7-4668-BE54-9A1E7A4F7556}") = "BubbleSort", "BubbleSort\BubbleSort.csproj", "{40556908-6322-424A-B58B-41368152A715}"
EndProject
Project("{9A19103F-16F7-4668-BE54-9A1E7A4F7556}") = "InsertionSort", "InsertionSort\InsertionSort.csproj", "{7A8A505B-217D-477D-B9DC-5DA3D4981AEE}"
EndProject
Project("{9A19103F-16F7-4668-BE54-9A1E7A4F7556}") = "Graphs", "Graphs\Graphs.csproj", "{1690909C-DF51-4B5D-A482-2D34722974F3}"
EndProject
Project("{9A19103F-16F7-4668-BE54-9A1E7A4F7556}") = "Astar", "Astar\Astar.csproj", "{18CE4E0F-200A-4AC4-8B13-1DBEC6D9F366}"
EndProject
Project("{9A19103F-16F7-4668-BE54-9A1E7A4F7556}") = "DFS", "DFS\DFS.csproj", "{ADE0F11C-82F3-4E3A-8EBF-E20A88CE88CD}"
EndProject
Project("{9A19103F-16F7-4668-BE54-9A1E7A4F7556}") = "BFS", "BFS\BFS.csproj", "{59A06BE2-BB31-4DD5-8DDA-ABE68E20FA48}"
EndProject
Project("{9A19103F-16F7-4668-BE54-9A1E7A4F7556}") = "State", "State\State.csproj", "{74CABDB8-D289-4F83-A80D-DAB5203049B6}"
EndProject
Project("{2150E333-8FDC-42A3-9474-1A3956D46DE8}") = "Designpatterns", "Designpatterns", "{96CFE4B1-E1A6-4E31-9BE2-89B1A8D3C426}"
EndProject
Project("{9A19103F-16F7-4668-BE54-9A1E7A4F7556}") = "Builder", "Builder\Builder.csproj", "{3D8D54B9-3C17-4C85-BC71-D0ED81E69DEB}"
EndProject
Project("{9A19103F-16F7-4668-BE54-9A1E7A4F7556}") = "Component", "Component\Component.csproj", "{0BB99B18-FB5E-4B21-9D48-9C5DA68D47B8}"
EndProject
Project("{9A19103F-16F7-4668-BE54-9A1E7A4F7556}") = "Singleton", "Singleton\Singleton.csproj", "{30A8BD49-8A64-463B-B44A-6FD3FE96320D}"
EndProject
Project("{2150E333-8FDC-42A3-9474-1A3956D46DE8}") = "Netværk", "Netværk", "{E133792D-FEE7-422E-9C42-FC3903F919D8}"
EndProject
Project("{2150E333-8FDC-42A3-9474-1A3956D46DE8}") = "TCP (Network Messages)", "TCP (Network Messages)", "{34528B3B-3D7B-4C9F-898A-55562FD3D3CE}"
EndProject
Project("{9A19103F-16F7-4668-BE54-9A1E7A4F7556}") = "TCPClient", "TCPClient\TCPClient.csproj", "{D9F03DA0-C0A9-46BB-86AD-55AD5C707A93}"
EndProject
Project("{9A19103F-16F7-4668-BE54-9A1E7A4F7556}") = "TCPServer", "TCPServer\TCPServer.csproj", "{67D3A903-729C-40B5-82AC-9476BF63C189}"
EndProject
Project("{2150E333-8FDC-42A3-9474-1A3956D46DE8}") = "UDP", "UDP", "{F59C96B5-93F7-4617-B7D9-3476FB441C11}"
EndProject
Project("{9A19103F-16F7-4668-BE54-9A1E7A4F7556}") = "UDPClient", "UDPClient\UDPClient.csproj", "{90AC5112-089A-410C-8F62-DC6D41D635B6}"
EndProject
Project("{9A19103F-16F7-4668-BE54-9A1E7A4F7556}") = "UDPServer", "UDPServer\UDPServer.csproj", "{66FC44F3-A844-46F4-A385-C315432E11C2}"
EndProject
Project("{2150E333-8FDC-42A3-9474-1A3956D46DE8}") = "TCP (Simple)", "TCP (Simple)", "{ADC0A9B8-89E9-4AF1-8ECA-F53B9396EE1C}"
EndProject
Project("{9A19103F-16F7-4668-BE54-9A1E7A4F7556}") = "SimpleTCPClient", "SimpleTCPClient\SimpleTCPClient.csproj", "{708E473E-39B6-42B8-B448-31F8056EBED8}"
EndProject
Project("{9A19103F-16F7-4668-BE54-9A1E7A4F7556}") = "SimpleTCPServer", "SimpleTCPServer\SimpleTCPServer.csproj", "{295C3F45-D1A6-44F4-81AC-9C96C66B889F}"
EndProject
Project("{9A19103F-16F7-4668-BE54-9A1E7A4F7556}") = "EagerLoading", "EagerLoading\EagerLoading.csproj", "{9B01EC68-630A-452C-8F6A-1777F42AD7F2}"
EndProject
Project("{9A19103F-16F7-4668-BE54-9A1E7A4F7556}") = "LazyLoading", "LazyLoading\LazyLoading.csproj", "{583A1CC2-6AD0-47EF-8C51-C69BBC18145E}"
EndProject
Project("{9A19103F-16F7-4668-BE54-9A1E7A4F7556}") = "Factory", "Factory\Factory.csproj", "{568D0BF6-137F-4F26-B3A6-496577992E92}"
EndProject
Project("{9A19103F-16F7-4668-BE54-9A1E7A4F7556}") = "ObjectPool", "ObjectPool\ObjectPool.csproj", "{16B648D9-9D88-45E5-98B5-C8162F636091}"
EndProject
Project("{2150E333-8FDC-42A3-9474-1A3956D46DE8}") = "Kryptering", "Kryptering", "{74F05F10-91F3-4840-9CE4-5285D95732BF}"
EndProject
Project("{2150E333-8FDC-42A3-9474-1A3956D46DE8}") = "Tråde", "Tråde", "{7D6F2350-EF9C-4101-8525-5068EABB2DC8}"
EndProject
Project("{FAE04EC0-301F-11D3-BF4B-00C04F79EFBC}") = "Asymmetric", "Asymmetric\Asymmetric.csproj", "{A717779B-7E6F-4BB3-8B5B-A7683A1E1825}"
EndProject
Project("{FAE04EC0-301F-11D3-BF4B-00C04F79EFBC}") = "Symmetric", "Symmetric\Symmetric.csproj", "{3A084553-9CFE-4256-A0B5-D406EEC33DF3}"
EndProject
Project("{FAE04EC0-301F-11D3-BF4B-00C04F79EFBC}") = "Hashing", "Hashing\Hashing.csproj", "{04BD1B2A-1624-40AA-980F-D18576DEC749}"
EndProject
Project("{FAE04EC0-301F-11D3-BF4B-00C04F79EFBC}") = "SaltHashing", "SaltHashing\SaltHashing.csproj", "{79C0C6E8-68D7-44C7-A4D1-AB4287E8F3C8}"
EndProject
Project("{FAE04EC0-301F-11D3-BF4B-00C04F79EFBC}") = "SaltHashingWithDB", "SaltHashingWithDB\SaltHashingWithDB.csproj", "{71AFA3AF-1D16-4A4F-BA9D-D5075D777B7D}"
EndProject
Project("{FAE04EC0-301F-11D3-BF4B-00C04F79EFBC}") = "P2PTcp", "P2PTcp\P2PTcp.csproj", "{7C95E898-DAE8-41B7-A197-7380B780B943}"
EndProject
Project("{FAE04EC0-301F-11D3-BF4B-00C04F79EFBC}") = "RESTService", "RESTService\RESTService.csproj", "{80A8FF95-C936-4726-B4FF-DA551B25367F}"
EndProject
Project("{FAE04EC0-301F-11D3-BF4B-00C04F79EFBC}") = "Observer", "Observer\Observer.csproj", "{74B56364-A3DB-4A06-AC44-6F4487427873}"
EndProject
Project("{FAE04EC0-301F-11D3-BF4B-00C04F79EFBC}") = "Prototype", "Prototype\Prototype.csproj", "{87650D35-9BA1-4871-A382-503AAA266B57}"
EndProject
Project("{FAE04EC0-301F-11D3-BF4B-00C04F79EFBC}") = "Strategy", "Strategy\Strategy.csproj", "{53580F27-21CA-4DC0-B8D4-AF20147C425E}"
EndProject
Project("{FAE04EC0-301F-11D3-BF4B-00C04F79EFBC}") = "Generics", "Generics\Generics.csproj", "{7989353F-14AF-4145-B860-8DD362B4FF2F}"
EndProject
Project("{FAE04EC0-301F-11D3-BF4B-00C04F79EFBC}") = "ThreadingGeneral", "ThreadingGeneral\ThreadingGeneral.csproj", "{0900CC36-11F1-4B3F-B52D-42D12D8688CE}"
EndProject
Project("{FAE04EC0-301F-11D3-BF4B-00C04F79EFBC}") = "RaceCondition", "RaceCondition\RaceCondition.csproj", "{3C1C9BA1-7C5B-48B7-9D49-28248AF56A5E}"
EndProject
Project("{FAE04EC0-301F-11D3-BF4B-00C04F79EFBC}") = "Lock", "Lock\Lock.csproj", "{E6B4FCF6-6D3F-4E97-A3A2-29C31A4E62D1}"
EndProject
Global
	GlobalSection(SolutionConfigurationPlatforms) = preSolution
		Debug|Any CPU = Debug|Any CPU
		Release|Any CPU = Release|Any CPU
	EndGlobalSection
	GlobalSection(ProjectConfigurationPlatforms) = postSolution
		{C0899672-EADB-47F6-AD10-53AF444AC3E9}.Debug|Any CPU.ActiveCfg = Debug|Any CPU
		{C0899672-EADB-47F6-AD10-53AF444AC3E9}.Debug|Any CPU.Build.0 = Debug|Any CPU
		{C0899672-EADB-47F6-AD10-53AF444AC3E9}.Release|Any CPU.ActiveCfg = Release|Any CPU
		{C0899672-EADB-47F6-AD10-53AF444AC3E9}.Release|Any CPU.Build.0 = Release|Any CPU
		{259927DE-0B25-4F2C-9A05-64CE68696806}.Debug|Any CPU.ActiveCfg = Debug|Any CPU
		{259927DE-0B25-4F2C-9A05-64CE68696806}.Debug|Any CPU.Build.0 = Debug|Any CPU
		{259927DE-0B25-4F2C-9A05-64CE68696806}.Release|Any CPU.ActiveCfg = Release|Any CPU
		{259927DE-0B25-4F2C-9A05-64CE68696806}.Release|Any CPU.Build.0 = Release|Any CPU
		{233B7D94-6407-4B04-8A69-3BE9F71BEEB8}.Debug|Any CPU.ActiveCfg = Debug|Any CPU
		{233B7D94-6407-4B04-8A69-3BE9F71BEEB8}.Debug|Any CPU.Build.0 = Debug|Any CPU
		{233B7D94-6407-4B04-8A69-3BE9F71BEEB8}.Release|Any CPU.ActiveCfg = Release|Any CPU
		{233B7D94-6407-4B04-8A69-3BE9F71BEEB8}.Release|Any CPU.Build.0 = Release|Any CPU
		{594ACE57-8AC1-4915-AE6D-19E9150FF504}.Debug|Any CPU.ActiveCfg = Debug|Any CPU
		{594ACE57-8AC1-4915-AE6D-19E9150FF504}.Debug|Any CPU.Build.0 = Debug|Any CPU
		{594ACE57-8AC1-4915-AE6D-19E9150FF504}.Release|Any CPU.ActiveCfg = Release|Any CPU
		{594ACE57-8AC1-4915-AE6D-19E9150FF504}.Release|Any CPU.Build.0 = Release|Any CPU
		{BEC2C7A7-E09C-444C-86B6-C31E99444FA6}.Debug|Any CPU.ActiveCfg = Debug|Any CPU
		{BEC2C7A7-E09C-444C-86B6-C31E99444FA6}.Debug|Any CPU.Build.0 = Debug|Any CPU
		{BEC2C7A7-E09C-444C-86B6-C31E99444FA6}.Release|Any CPU.ActiveCfg = Release|Any CPU
		{BEC2C7A7-E09C-444C-86B6-C31E99444FA6}.Release|Any CPU.Build.0 = Release|Any CPU
		{40556908-6322-424A-B58B-41368152A715}.Debug|Any CPU.ActiveCfg = Debug|Any CPU
		{40556908-6322-424A-B58B-41368152A715}.Debug|Any CPU.Build.0 = Debug|Any CPU
		{40556908-6322-424A-B58B-41368152A715}.Release|Any CPU.ActiveCfg = Release|Any CPU
		{40556908-6322-424A-B58B-41368152A715}.Release|Any CPU.Build.0 = Release|Any CPU
		{7A8A505B-217D-477D-B9DC-5DA3D4981AEE}.Debug|Any CPU.ActiveCfg = Debug|Any CPU
		{7A8A505B-217D-477D-B9DC-5DA3D4981AEE}.Debug|Any CPU.Build.0 = Debug|Any CPU
		{7A8A505B-217D-477D-B9DC-5DA3D4981AEE}.Release|Any CPU.ActiveCfg = Release|Any CPU
		{7A8A505B-217D-477D-B9DC-5DA3D4981AEE}.Release|Any CPU.Build.0 = Release|Any CPU
		{1690909C-DF51-4B5D-A482-2D34722974F3}.Debug|Any CPU.ActiveCfg = Debug|Any CPU
		{1690909C-DF51-4B5D-A482-2D34722974F3}.Debug|Any CPU.Build.0 = Debug|Any CPU
		{1690909C-DF51-4B5D-A482-2D34722974F3}.Release|Any CPU.ActiveCfg = Release|Any CPU
		{1690909C-DF51-4B5D-A482-2D34722974F3}.Release|Any CPU.Build.0 = Release|Any CPU
		{18CE4E0F-200A-4AC4-8B13-1DBEC6D9F366}.Debug|Any CPU.ActiveCfg = Debug|Any CPU
		{18CE4E0F-200A-4AC4-8B13-1DBEC6D9F366}.Debug|Any CPU.Build.0 = Debug|Any CPU
		{18CE4E0F-200A-4AC4-8B13-1DBEC6D9F366}.Release|Any CPU.ActiveCfg = Release|Any CPU
		{18CE4E0F-200A-4AC4-8B13-1DBEC6D9F366}.Release|Any CPU.Build.0 = Release|Any CPU
		{ADE0F11C-82F3-4E3A-8EBF-E20A88CE88CD}.Debug|Any CPU.ActiveCfg = Debug|Any CPU
		{ADE0F11C-82F3-4E3A-8EBF-E20A88CE88CD}.Debug|Any CPU.Build.0 = Debug|Any CPU
		{ADE0F11C-82F3-4E3A-8EBF-E20A88CE88CD}.Release|Any CPU.ActiveCfg = Release|Any CPU
		{ADE0F11C-82F3-4E3A-8EBF-E20A88CE88CD}.Release|Any CPU.Build.0 = Release|Any CPU
		{59A06BE2-BB31-4DD5-8DDA-ABE68E20FA48}.Debug|Any CPU.ActiveCfg = Debug|Any CPU
		{59A06BE2-BB31-4DD5-8DDA-ABE68E20FA48}.Debug|Any CPU.Build.0 = Debug|Any CPU
		{59A06BE2-BB31-4DD5-8DDA-ABE68E20FA48}.Release|Any CPU.ActiveCfg = Release|Any CPU
		{59A06BE2-BB31-4DD5-8DDA-ABE68E20FA48}.Release|Any CPU.Build.0 = Release|Any CPU
		{74CABDB8-D289-4F83-A80D-DAB5203049B6}.Debug|Any CPU.ActiveCfg = Debug|Any CPU
		{74CABDB8-D289-4F83-A80D-DAB5203049B6}.Debug|Any CPU.Build.0 = Debug|Any CPU
		{74CABDB8-D289-4F83-A80D-DAB5203049B6}.Release|Any CPU.ActiveCfg = Release|Any CPU
		{74CABDB8-D289-4F83-A80D-DAB5203049B6}.Release|Any CPU.Build.0 = Release|Any CPU
		{3D8D54B9-3C17-4C85-BC71-D0ED81E69DEB}.Debug|Any CPU.ActiveCfg = Debug|Any CPU
		{3D8D54B9-3C17-4C85-BC71-D0ED81E69DEB}.Debug|Any CPU.Build.0 = Debug|Any CPU
		{3D8D54B9-3C17-4C85-BC71-D0ED81E69DEB}.Release|Any CPU.ActiveCfg = Release|Any CPU
		{3D8D54B9-3C17-4C85-BC71-D0ED81E69DEB}.Release|Any CPU.Build.0 = Release|Any CPU
		{0BB99B18-FB5E-4B21-9D48-9C5DA68D47B8}.Debug|Any CPU.ActiveCfg = Debug|Any CPU
		{0BB99B18-FB5E-4B21-9D48-9C5DA68D47B8}.Debug|Any CPU.Build.0 = Debug|Any CPU
		{0BB99B18-FB5E-4B21-9D48-9C5DA68D47B8}.Release|Any CPU.ActiveCfg = Release|Any CPU
		{0BB99B18-FB5E-4B21-9D48-9C5DA68D47B8}.Release|Any CPU.Build.0 = Release|Any CPU
		{30A8BD49-8A64-463B-B44A-6FD3FE96320D}.Debug|Any CPU.ActiveCfg = Debug|Any CPU
		{30A8BD49-8A64-463B-B44A-6FD3FE96320D}.Debug|Any CPU.Build.0 = Debug|Any CPU
		{30A8BD49-8A64-463B-B44A-6FD3FE96320D}.Release|Any CPU.ActiveCfg = Release|Any CPU
		{30A8BD49-8A64-463B-B44A-6FD3FE96320D}.Release|Any CPU.Build.0 = Release|Any CPU
		{D9F03DA0-C0A9-46BB-86AD-55AD5C707A93}.Debug|Any CPU.ActiveCfg = Debug|Any CPU
		{D9F03DA0-C0A9-46BB-86AD-55AD5C707A93}.Debug|Any CPU.Build.0 = Debug|Any CPU
		{D9F03DA0-C0A9-46BB-86AD-55AD5C707A93}.Release|Any CPU.ActiveCfg = Release|Any CPU
		{D9F03DA0-C0A9-46BB-86AD-55AD5C707A93}.Release|Any CPU.Build.0 = Release|Any CPU
		{67D3A903-729C-40B5-82AC-9476BF63C189}.Debug|Any CPU.ActiveCfg = Debug|Any CPU
		{67D3A903-729C-40B5-82AC-9476BF63C189}.Debug|Any CPU.Build.0 = Debug|Any CPU
		{67D3A903-729C-40B5-82AC-9476BF63C189}.Release|Any CPU.ActiveCfg = Release|Any CPU
		{67D3A903-729C-40B5-82AC-9476BF63C189}.Release|Any CPU.Build.0 = Release|Any CPU
		{90AC5112-089A-410C-8F62-DC6D41D635B6}.Debug|Any CPU.ActiveCfg = Debug|Any CPU
		{90AC5112-089A-410C-8F62-DC6D41D635B6}.Debug|Any CPU.Build.0 = Debug|Any CPU
		{90AC5112-089A-410C-8F62-DC6D41D635B6}.Release|Any CPU.ActiveCfg = Release|Any CPU
		{90AC5112-089A-410C-8F62-DC6D41D635B6}.Release|Any CPU.Build.0 = Release|Any CPU
		{66FC44F3-A844-46F4-A385-C315432E11C2}.Debug|Any CPU.ActiveCfg = Debug|Any CPU
		{66FC44F3-A844-46F4-A385-C315432E11C2}.Debug|Any CPU.Build.0 = Debug|Any CPU
		{66FC44F3-A844-46F4-A385-C315432E11C2}.Release|Any CPU.ActiveCfg = Release|Any CPU
		{66FC44F3-A844-46F4-A385-C315432E11C2}.Release|Any CPU.Build.0 = Release|Any CPU
		{708E473E-39B6-42B8-B448-31F8056EBED8}.Debug|Any CPU.ActiveCfg = Debug|Any CPU
		{708E473E-39B6-42B8-B448-31F8056EBED8}.Debug|Any CPU.Build.0 = Debug|Any CPU
		{708E473E-39B6-42B8-B448-31F8056EBED8}.Release|Any CPU.ActiveCfg = Release|Any CPU
		{708E473E-39B6-42B8-B448-31F8056EBED8}.Release|Any CPU.Build.0 = Release|Any CPU
		{295C3F45-D1A6-44F4-81AC-9C96C66B889F}.Debug|Any CPU.ActiveCfg = Debug|Any CPU
		{295C3F45-D1A6-44F4-81AC-9C96C66B889F}.Debug|Any CPU.Build.0 = Debug|Any CPU
		{295C3F45-D1A6-44F4-81AC-9C96C66B889F}.Release|Any CPU.ActiveCfg = Release|Any CPU
		{295C3F45-D1A6-44F4-81AC-9C96C66B889F}.Release|Any CPU.Build.0 = Release|Any CPU
		{9B01EC68-630A-452C-8F6A-1777F42AD7F2}.Debug|Any CPU.ActiveCfg = Debug|Any CPU
		{9B01EC68-630A-452C-8F6A-1777F42AD7F2}.Debug|Any CPU.Build.0 = Debug|Any CPU
		{9B01EC68-630A-452C-8F6A-1777F42AD7F2}.Release|Any CPU.ActiveCfg = Release|Any CPU
		{9B01EC68-630A-452C-8F6A-1777F42AD7F2}.Release|Any CPU.Build.0 = Release|Any CPU
		{583A1CC2-6AD0-47EF-8C51-C69BBC18145E}.Debug|Any CPU.ActiveCfg = Debug|Any CPU
		{583A1CC2-6AD0-47EF-8C51-C69BBC18145E}.Debug|Any CPU.Build.0 = Debug|Any CPU
		{583A1CC2-6AD0-47EF-8C51-C69BBC18145E}.Release|Any CPU.ActiveCfg = Release|Any CPU
		{583A1CC2-6AD0-47EF-8C51-C69BBC18145E}.Release|Any CPU.Build.0 = Release|Any CPU
		{568D0BF6-137F-4F26-B3A6-496577992E92}.Debug|Any CPU.ActiveCfg = Debug|Any CPU
		{568D0BF6-137F-4F26-B3A6-496577992E92}.Debug|Any CPU.Build.0 = Debug|Any CPU
		{568D0BF6-137F-4F26-B3A6-496577992E92}.Release|Any CPU.ActiveCfg = Release|Any CPU
		{568D0BF6-137F-4F26-B3A6-496577992E92}.Release|Any CPU.Build.0 = Release|Any CPU
		{16B648D9-9D88-45E5-98B5-C8162F636091}.Debug|Any CPU.ActiveCfg = Debug|Any CPU
		{16B648D9-9D88-45E5-98B5-C8162F636091}.Debug|Any CPU.Build.0 = Debug|Any CPU
		{16B648D9-9D88-45E5-98B5-C8162F636091}.Release|Any CPU.ActiveCfg = Release|Any CPU
		{16B648D9-9D88-45E5-98B5-C8162F636091}.Release|Any CPU.Build.0 = Release|Any CPU
		{A717779B-7E6F-4BB3-8B5B-A7683A1E1825}.Debug|Any CPU.ActiveCfg = Debug|Any CPU
		{A717779B-7E6F-4BB3-8B5B-A7683A1E1825}.Debug|Any CPU.Build.0 = Debug|Any CPU
		{A717779B-7E6F-4BB3-8B5B-A7683A1E1825}.Release|Any CPU.ActiveCfg = Release|Any CPU
		{A717779B-7E6F-4BB3-8B5B-A7683A1E1825}.Release|Any CPU.Build.0 = Release|Any CPU
		{3A084553-9CFE-4256-A0B5-D406EEC33DF3}.Debug|Any CPU.ActiveCfg = Debug|Any CPU
		{3A084553-9CFE-4256-A0B5-D406EEC33DF3}.Debug|Any CPU.Build.0 = Debug|Any CPU
		{3A084553-9CFE-4256-A0B5-D406EEC33DF3}.Release|Any CPU.ActiveCfg = Release|Any CPU
		{3A084553-9CFE-4256-A0B5-D406EEC33DF3}.Release|Any CPU.Build.0 = Release|Any CPU
		{04BD1B2A-1624-40AA-980F-D18576DEC749}.Debug|Any CPU.ActiveCfg = Debug|Any CPU
		{04BD1B2A-1624-40AA-980F-D18576DEC749}.Debug|Any CPU.Build.0 = Debug|Any CPU
		{04BD1B2A-1624-40AA-980F-D18576DEC749}.Release|Any CPU.ActiveCfg = Release|Any CPU
		{04BD1B2A-1624-40AA-980F-D18576DEC749}.Release|Any CPU.Build.0 = Release|Any CPU
		{79C0C6E8-68D7-44C7-A4D1-AB4287E8F3C8}.Debug|Any CPU.ActiveCfg = Debug|Any CPU
		{79C0C6E8-68D7-44C7-A4D1-AB4287E8F3C8}.Debug|Any CPU.Build.0 = Debug|Any CPU
		{79C0C6E8-68D7-44C7-A4D1-AB4287E8F3C8}.Release|Any CPU.ActiveCfg = Release|Any CPU
		{79C0C6E8-68D7-44C7-A4D1-AB4287E8F3C8}.Release|Any CPU.Build.0 = Release|Any CPU
		{71AFA3AF-1D16-4A4F-BA9D-D5075D777B7D}.Debug|Any CPU.ActiveCfg = Debug|Any CPU
		{71AFA3AF-1D16-4A4F-BA9D-D5075D777B7D}.Debug|Any CPU.Build.0 = Debug|Any CPU
		{71AFA3AF-1D16-4A4F-BA9D-D5075D777B7D}.Release|Any CPU.ActiveCfg = Release|Any CPU
		{71AFA3AF-1D16-4A4F-BA9D-D5075D777B7D}.Release|Any CPU.Build.0 = Release|Any CPU
		{7C95E898-DAE8-41B7-A197-7380B780B943}.Debug|Any CPU.ActiveCfg = Debug|Any CPU
		{7C95E898-DAE8-41B7-A197-7380B780B943}.Debug|Any CPU.Build.0 = Debug|Any CPU
		{7C95E898-DAE8-41B7-A197-7380B780B943}.Release|Any CPU.ActiveCfg = Release|Any CPU
		{7C95E898-DAE8-41B7-A197-7380B780B943}.Release|Any CPU.Build.0 = Release|Any CPU
		{80A8FF95-C936-4726-B4FF-DA551B25367F}.Debug|Any CPU.ActiveCfg = Debug|Any CPU
		{80A8FF95-C936-4726-B4FF-DA551B25367F}.Debug|Any CPU.Build.0 = Debug|Any CPU
		{80A8FF95-C936-4726-B4FF-DA551B25367F}.Release|Any CPU.ActiveCfg = Release|Any CPU
		{80A8FF95-C936-4726-B4FF-DA551B25367F}.Release|Any CPU.Build.0 = Release|Any CPU
		{74B56364-A3DB-4A06-AC44-6F4487427873}.Debug|Any CPU.ActiveCfg = Debug|Any CPU
		{74B56364-A3DB-4A06-AC44-6F4487427873}.Debug|Any CPU.Build.0 = Debug|Any CPU
		{74B56364-A3DB-4A06-AC44-6F4487427873}.Release|Any CPU.ActiveCfg = Release|Any CPU
		{74B56364-A3DB-4A06-AC44-6F4487427873}.Release|Any CPU.Build.0 = Release|Any CPU
		{87650D35-9BA1-4871-A382-503AAA266B57}.Debug|Any CPU.ActiveCfg = Debug|Any CPU
		{87650D35-9BA1-4871-A382-503AAA266B57}.Debug|Any CPU.Build.0 = Debug|Any CPU
		{87650D35-9BA1-4871-A382-503AAA266B57}.Release|Any CPU.ActiveCfg = Release|Any CPU
		{87650D35-9BA1-4871-A382-503AAA266B57}.Release|Any CPU.Build.0 = Release|Any CPU
		{53580F27-21CA-4DC0-B8D4-AF20147C425E}.Debug|Any CPU.ActiveCfg = Debug|Any CPU
		{53580F27-21CA-4DC0-B8D4-AF20147C425E}.Debug|Any CPU.Build.0 = Debug|Any CPU
		{53580F27-21CA-4DC0-B8D4-AF20147C425E}.Release|Any CPU.ActiveCfg = Release|Any CPU
		{53580F27-21CA-4DC0-B8D4-AF20147C425E}.Release|Any CPU.Build.0 = Release|Any CPU
		{7989353F-14AF-4145-B860-8DD362B4FF2F}.Debug|Any CPU.ActiveCfg = Debug|Any CPU
		{7989353F-14AF-4145-B860-8DD362B4FF2F}.Debug|Any CPU.Build.0 = Debug|Any CPU
		{7989353F-14AF-4145-B860-8DD362B4FF2F}.Release|Any CPU.ActiveCfg = Release|Any CPU
		{7989353F-14AF-4145-B860-8DD362B4FF2F}.Release|Any CPU.Build.0 = Release|Any CPU
		{0900CC36-11F1-4B3F-B52D-42D12D8688CE}.Debug|Any CPU.ActiveCfg = Debug|Any CPU
		{0900CC36-11F1-4B3F-B52D-42D12D8688CE}.Debug|Any CPU.Build.0 = Debug|Any CPU
		{0900CC36-11F1-4B3F-B52D-42D12D8688CE}.Release|Any CPU.ActiveCfg = Release|Any CPU
		{0900CC36-11F1-4B3F-B52D-42D12D8688CE}.Release|Any CPU.Build.0 = Release|Any CPU
		{3C1C9BA1-7C5B-48B7-9D49-28248AF56A5E}.Debug|Any CPU.ActiveCfg = Debug|Any CPU
		{3C1C9BA1-7C5B-48B7-9D49-28248AF56A5E}.Debug|Any CPU.Build.0 = Debug|Any CPU
		{3C1C9BA1-7C5B-48B7-9D49-28248AF56A5E}.Release|Any CPU.ActiveCfg = Release|Any CPU
		{3C1C9BA1-7C5B-48B7-9D49-28248AF56A5E}.Release|Any CPU.Build.0 = Release|Any CPU
		{E6B4FCF6-6D3F-4E97-A3A2-29C31A4E62D1}.Debug|Any CPU.ActiveCfg = Debug|Any CPU
		{E6B4FCF6-6D3F-4E97-A3A2-29C31A4E62D1}.Debug|Any CPU.Build.0 = Debug|Any CPU
		{E6B4FCF6-6D3F-4E97-A3A2-29C31A4E62D1}.Release|Any CPU.ActiveCfg = Release|Any CPU
		{E6B4FCF6-6D3F-4E97-A3A2-29C31A4E62D1}.Release|Any CPU.Build.0 = Release|Any CPU
	EndGlobalSection
	GlobalSection(SolutionProperties) = preSolution
		HideSolutionNode = FALSE
	EndGlobalSection
	GlobalSection(NestedProjects) = preSolution
		{C0899672-EADB-47F6-AD10-53AF444AC3E9} = {2A69D28A-A0B6-4F2B-9755-9CB435B94619}
		{259927DE-0B25-4F2C-9A05-64CE68696806} = {2A69D28A-A0B6-4F2B-9755-9CB435B94619}
		{233B7D94-6407-4B04-8A69-3BE9F71BEEB8} = {2A69D28A-A0B6-4F2B-9755-9CB435B94619}
		{594ACE57-8AC1-4915-AE6D-19E9150FF504} = {2A69D28A-A0B6-4F2B-9755-9CB435B94619}
		{BEC2C7A7-E09C-444C-86B6-C31E99444FA6} = {8B897BE3-E688-491E-89ED-0F88FAB59279}
		{40556908-6322-424A-B58B-41368152A715} = {8B897BE3-E688-491E-89ED-0F88FAB59279}
		{7A8A505B-217D-477D-B9DC-5DA3D4981AEE} = {8B897BE3-E688-491E-89ED-0F88FAB59279}
		{1690909C-DF51-4B5D-A482-2D34722974F3} = {8B897BE3-E688-491E-89ED-0F88FAB59279}
		{18CE4E0F-200A-4AC4-8B13-1DBEC6D9F366} = {8B897BE3-E688-491E-89ED-0F88FAB59279}
		{ADE0F11C-82F3-4E3A-8EBF-E20A88CE88CD} = {8B897BE3-E688-491E-89ED-0F88FAB59279}
		{59A06BE2-BB31-4DD5-8DDA-ABE68E20FA48} = {8B897BE3-E688-491E-89ED-0F88FAB59279}
		{74CABDB8-D289-4F83-A80D-DAB5203049B6} = {96CFE4B1-E1A6-4E31-9BE2-89B1A8D3C426}
		{3D8D54B9-3C17-4C85-BC71-D0ED81E69DEB} = {96CFE4B1-E1A6-4E31-9BE2-89B1A8D3C426}
		{0BB99B18-FB5E-4B21-9D48-9C5DA68D47B8} = {96CFE4B1-E1A6-4E31-9BE2-89B1A8D3C426}
		{30A8BD49-8A64-463B-B44A-6FD3FE96320D} = {96CFE4B1-E1A6-4E31-9BE2-89B1A8D3C426}
		{34528B3B-3D7B-4C9F-898A-55562FD3D3CE} = {E133792D-FEE7-422E-9C42-FC3903F919D8}
		{D9F03DA0-C0A9-46BB-86AD-55AD5C707A93} = {34528B3B-3D7B-4C9F-898A-55562FD3D3CE}
		{67D3A903-729C-40B5-82AC-9476BF63C189} = {34528B3B-3D7B-4C9F-898A-55562FD3D3CE}
		{F59C96B5-93F7-4617-B7D9-3476FB441C11} = {E133792D-FEE7-422E-9C42-FC3903F919D8}
		{90AC5112-089A-410C-8F62-DC6D41D635B6} = {F59C96B5-93F7-4617-B7D9-3476FB441C11}
		{66FC44F3-A844-46F4-A385-C315432E11C2} = {F59C96B5-93F7-4617-B7D9-3476FB441C11}
		{ADC0A9B8-89E9-4AF1-8ECA-F53B9396EE1C} = {E133792D-FEE7-422E-9C42-FC3903F919D8}
		{708E473E-39B6-42B8-B448-31F8056EBED8} = {ADC0A9B8-89E9-4AF1-8ECA-F53B9396EE1C}
		{295C3F45-D1A6-44F4-81AC-9C96C66B889F} = {ADC0A9B8-89E9-4AF1-8ECA-F53B9396EE1C}
		{9B01EC68-630A-452C-8F6A-1777F42AD7F2} = {96CFE4B1-E1A6-4E31-9BE2-89B1A8D3C426}
		{583A1CC2-6AD0-47EF-8C51-C69BBC18145E} = {96CFE4B1-E1A6-4E31-9BE2-89B1A8D3C426}
		{568D0BF6-137F-4F26-B3A6-496577992E92} = {96CFE4B1-E1A6-4E31-9BE2-89B1A8D3C426}
		{16B648D9-9D88-45E5-98B5-C8162F636091} = {96CFE4B1-E1A6-4E31-9BE2-89B1A8D3C426}
		{A717779B-7E6F-4BB3-8B5B-A7683A1E1825} = {74F05F10-91F3-4840-9CE4-5285D95732BF}
		{3A084553-9CFE-4256-A0B5-D406EEC33DF3} = {74F05F10-91F3-4840-9CE4-5285D95732BF}
		{04BD1B2A-1624-40AA-980F-D18576DEC749} = {74F05F10-91F3-4840-9CE4-5285D95732BF}
		{79C0C6E8-68D7-44C7-A4D1-AB4287E8F3C8} = {74F05F10-91F3-4840-9CE4-5285D95732BF}
		{71AFA3AF-1D16-4A4F-BA9D-D5075D777B7D} = {74F05F10-91F3-4840-9CE4-5285D95732BF}
		{7C95E898-DAE8-41B7-A197-7380B780B943} = {E133792D-FEE7-422E-9C42-FC3903F919D8}
		{80A8FF95-C936-4726-B4FF-DA551B25367F} = {E133792D-FEE7-422E-9C42-FC3903F919D8}
		{74B56364-A3DB-4A06-AC44-6F4487427873} = {96CFE4B1-E1A6-4E31-9BE2-89B1A8D3C426}
		{87650D35-9BA1-4871-A382-503AAA266B57} = {96CFE4B1-E1A6-4E31-9BE2-89B1A8D3C426}
		{53580F27-21CA-4DC0-B8D4-AF20147C425E} = {96CFE4B1-E1A6-4E31-9BE2-89B1A8D3C426}
		{7989353F-14AF-4145-B860-8DD362B4FF2F} = {2A69D28A-A0B6-4F2B-9755-9CB435B94619}
		{0900CC36-11F1-4B3F-B52D-42D12D8688CE} = {7D6F2350-EF9C-4101-8525-5068EABB2DC8}
		{3C1C9BA1-7C5B-48B7-9D49-28248AF56A5E} = {7D6F2350-EF9C-4101-8525-5068EABB2DC8}
		{E6B4FCF6-6D3F-4E97-A3A2-29C31A4E62D1} = {7D6F2350-EF9C-4101-8525-5068EABB2DC8}
	EndGlobalSection
	GlobalSection(ExtensibilityGlobals) = postSolution
		SolutionGuid = {D3CBC47C-D647-45C9-9322-B65707790F53}
	EndGlobalSection
EndGlobal
